// !$*UTF8*$!
{
	archiveVersion = 1;
	classes = {
	};
	objectVersion = 48;
	objects = {

/* Begin PBXBuildFile section */
		1967A5BB1F9744E10096673A /* AppDelegate.swift in Sources */ = {isa = PBXBuildFile; fileRef = 1967A5BA1F9744E10096673A /* AppDelegate.swift */; };
		1967A5BD1F9744E10096673A /* ViewController.swift in Sources */ = {isa = PBXBuildFile; fileRef = 1967A5BC1F9744E10096673A /* ViewController.swift */; };
		1967A5C01F9744E10096673A /* Main.storyboard in Resources */ = {isa = PBXBuildFile; fileRef = 1967A5BE1F9744E10096673A /* Main.storyboard */; };
		1967A5C21F9744E10096673A /* Assets.xcassets in Resources */ = {isa = PBXBuildFile; fileRef = 1967A5C11F9744E10096673A /* Assets.xcassets */; };
		1967A5C51F9744E10096673A /* LaunchScreen.storyboard in Resources */ = {isa = PBXBuildFile; fileRef = 1967A5C31F9744E10096673A /* LaunchScreen.storyboard */; };
		19A7FB801F974CFB00D5FEAB /* Pokemon.swift in Sources */ = {isa = PBXBuildFile; fileRef = 19A7FB7F1F974CFB00D5FEAB /* Pokemon.swift */; };
		19A7FB831F976C0600D5FEAB /* PokeCell.swift in Sources */ = {isa = PBXBuildFile; fileRef = 19A7FB821F976C0600D5FEAB /* PokeCell.swift */; };
		19A7FB861F977BD400D5FEAB /* csv.swift in Sources */ = {isa = PBXBuildFile; fileRef = 19A7FB851F97788500D5FEAB /* csv.swift */; };
		19A7FB881F97847400D5FEAB /* pokemon.csv in Resources */ = {isa = PBXBuildFile; fileRef = 19A7FB871F97847300D5FEAB /* pokemon.csv */; };
		986E510FD45E85AA322024CF /* Pods_pokedex.framework in Frameworks */ = {isa = PBXBuildFile; fileRef = 08E42CC236D20DDDC7FE7020 /* Pods_pokedex.framework */; };
/* End PBXBuildFile section */

/* Begin PBXFileReference section */
		08E42CC236D20DDDC7FE7020 /* Pods_pokedex.framework */ = {isa = PBXFileReference; explicitFileType = wrapper.framework; includeInIndex = 0; path = Pods_pokedex.framework; sourceTree = BUILT_PRODUCTS_DIR; };
		1967A5B71F9744E10096673A /* pokedex.app */ = {isa = PBXFileReference; explicitFileType = wrapper.application; includeInIndex = 0; path = pokedex.app; sourceTree = BUILT_PRODUCTS_DIR; };
		1967A5BA1F9744E10096673A /* AppDelegate.swift */ = {isa = PBXFileReference; lastKnownFileType = sourcecode.swift; path = AppDelegate.swift; sourceTree = "<group>"; };
		1967A5BC1F9744E10096673A /* ViewController.swift */ = {isa = PBXFileReference; lastKnownFileType = sourcecode.swift; path = ViewController.swift; sourceTree = "<group>"; };
		1967A5BF1F9744E10096673A /* Base */ = {isa = PBXFileReference; lastKnownFileType = file.storyboard; name = Base; path = Base.lproj/Main.storyboard; sourceTree = "<group>"; };
		1967A5C11F9744E10096673A /* Assets.xcassets */ = {isa = PBXFileReference; lastKnownFileType = folder.assetcatalog; path = Assets.xcassets; sourceTree = "<group>"; };
		1967A5C41F9744E10096673A /* Base */ = {isa = PBXFileReference; lastKnownFileType = file.storyboard; name = Base; path = Base.lproj/LaunchScreen.storyboard; sourceTree = "<group>"; };
		1967A5C61F9744E10096673A /* Info.plist */ = {isa = PBXFileReference; lastKnownFileType = text.plist.xml; path = Info.plist; sourceTree = "<group>"; };
		19A7FB7F1F974CFB00D5FEAB /* Pokemon.swift */ = {isa = PBXFileReference; lastKnownFileType = sourcecode.swift; path = Pokemon.swift; sourceTree = "<group>"; };
		19A7FB821F976C0600D5FEAB /* PokeCell.swift */ = {isa = PBXFileReference; lastKnownFileType = sourcecode.swift; path = PokeCell.swift; sourceTree = "<group>"; };
		19A7FB851F97788500D5FEAB /* csv.swift */ = {isa = PBXFileReference; lastKnownFileType = sourcecode.swift; path = csv.swift; sourceTree = "<group>"; };
		19A7FB871F97847300D5FEAB /* pokemon.csv */ = {isa = PBXFileReference; fileEncoding = 4; lastKnownFileType = text; path = pokemon.csv; sourceTree = "<group>"; };
		D65F6634386B2E1AA9442BB1 /* Pods-pokedex.debug.xcconfig */ = {isa = PBXFileReference; includeInIndex = 1; lastKnownFileType = text.xcconfig; name = "Pods-pokedex.debug.xcconfig"; path = "Pods/Target Support Files/Pods-pokedex/Pods-pokedex.debug.xcconfig"; sourceTree = "<group>"; };
		F5B4E7F5D1552F1107B9CB69 /* Pods-pokedex.release.xcconfig */ = {isa = PBXFileReference; includeInIndex = 1; lastKnownFileType = text.xcconfig; name = "Pods-pokedex.release.xcconfig"; path = "Pods/Target Support Files/Pods-pokedex/Pods-pokedex.release.xcconfig"; sourceTree = "<group>"; };
/* End PBXFileReference section */

/* Begin PBXFrameworksBuildPhase section */
		1967A5B41F9744E10096673A /* Frameworks */ = {
			isa = PBXFrameworksBuildPhase;
			buildActionMask = 2147483647;
			files = (
				986E510FD45E85AA322024CF /* Pods_pokedex.framework in Frameworks */,
			);
			runOnlyForDeploymentPostprocessing = 0;
		};
/* End PBXFrameworksBuildPhase section */

/* Begin PBXGroup section */
		1967A5AE1F9744E10096673A = {
			isa = PBXGroup;
			children = (
				19A7FB871F97847300D5FEAB /* pokemon.csv */,
				1967A5B91F9744E10096673A /* pokedex */,
				1967A5B81F9744E10096673A /* Products */,
				B92C3B8E89A79790EA38CE75 /* Pods */,
				1A947AB5845781006ED7893D /* Frameworks */,
			);
			sourceTree = "<group>";
		};
		1967A5B81F9744E10096673A /* Products */ = {
			isa = PBXGroup;
			children = (
				1967A5B71F9744E10096673A /* pokedex.app */,
			);
			name = Products;
			sourceTree = "<group>";
		};
		1967A5B91F9744E10096673A /* pokedex */ = {
			isa = PBXGroup;
			children = (
				19A7FB841F97786C00D5FEAB /* Utils */,
				19A7FB811F976BA400D5FEAB /* View */,
				19A7FB7E1F974C6100D5FEAB /* Model */,
				1967A5BA1F9744E10096673A /* AppDelegate.swift */,
				1967A5BC1F9744E10096673A /* ViewController.swift */,
				1967A5BE1F9744E10096673A /* Main.storyboard */,
				1967A5C11F9744E10096673A /* Assets.xcassets */,
				1967A5C31F9744E10096673A /* LaunchScreen.storyboard */,
				1967A5C61F9744E10096673A /* Info.plist */,
			);
			path = pokedex;
			sourceTree = "<group>";
		};
		19A7FB7E1F974C6100D5FEAB /* Model */ = {
			isa = PBXGroup;
			children = (
				19A7FB7F1F974CFB00D5FEAB /* Pokemon.swift */,
			);
			path = Model;
			sourceTree = "<group>";
		};
		19A7FB811F976BA400D5FEAB /* View */ = {
			isa = PBXGroup;
			children = (
				19A7FB821F976C0600D5FEAB /* PokeCell.swift */,
			);
			path = View;
			sourceTree = "<group>";
		};
		19A7FB841F97786C00D5FEAB /* Utils */ = {
			isa = PBXGroup;
			children = (
				19A7FB851F97788500D5FEAB /* csv.swift */,
			);
			path = Utils;
			sourceTree = "<group>";
		};
		1A947AB5845781006ED7893D /* Frameworks */ = {
			isa = PBXGroup;
			children = (
				08E42CC236D20DDDC7FE7020 /* Pods_pokedex.framework */,
			);
			name = Frameworks;
			sourceTree = "<group>";
		};
		B92C3B8E89A79790EA38CE75 /* Pods */ = {
			isa = PBXGroup;
			children = (
				D65F6634386B2E1AA9442BB1 /* Pods-pokedex.debug.xcconfig */,
				F5B4E7F5D1552F1107B9CB69 /* Pods-pokedex.release.xcconfig */,
			);
			name = Pods;
			sourceTree = "<group>";
		};
/* End PBXGroup section */

/* Begin PBXNativeTarget section */
		1967A5B61F9744E10096673A /* pokedex */ = {
			isa = PBXNativeTarget;
			buildConfigurationList = 1967A5C91F9744E10096673A /* Build configuration list for PBXNativeTarget "pokedex" */;
			buildPhases = (
				A85BFD7E277E475B9332B68E /* [CP] Check Pods Manifest.lock */,
				1967A5B31F9744E10096673A /* Sources */,
				1967A5B41F9744E10096673A /* Frameworks */,
				1967A5B51F9744E10096673A /* Resources */,
				3A5DB7CAF337AE04FEFC3B52 /* [CP] Embed Pods Frameworks */,
				2A75F5E9EDA9B35132525324 /* [CP] Copy Pods Resources */,
			);
			buildRules = (
			);
			dependencies = (
			);
			name = pokedex;
			productName = pokedex;
			productReference = 1967A5B71F9744E10096673A /* pokedex.app */;
			productType = "com.apple.product-type.application";
		};
/* End PBXNativeTarget section */

/* Begin PBXProject section */
		1967A5AF1F9744E10096673A /* Project object */ = {
			isa = PBXProject;
			attributes = {
				LastSwiftUpdateCheck = 0900;
				LastUpgradeCheck = 0900;
				ORGANIZATIONNAME = "samuel ralak";
				TargetAttributes = {
					1967A5B61F9744E10096673A = {
						CreatedOnToolsVersion = 9.0;
						ProvisioningStyle = Automatic;
					};
				};
			};
			buildConfigurationList = 1967A5B21F9744E10096673A /* Build configuration list for PBXProject "pokedex" */;
			compatibilityVersion = "Xcode 8.0";
			developmentRegion = en;
			hasScannedForEncodings = 0;
			knownRegions = (
				en,
				Base,
			);
			mainGroup = 1967A5AE1F9744E10096673A;
			productRefGroup = 1967A5B81F9744E10096673A /* Products */;
			projectDirPath = "";
			projectRoot = "";
			targets = (
				1967A5B61F9744E10096673A /* pokedex */,
			);
		};
/* End PBXProject section */

/* Begin PBXResourcesBuildPhase section */
		1967A5B51F9744E10096673A /* Resources */ = {
			isa = PBXResourcesBuildPhase;
			buildActionMask = 2147483647;
			files = (
				1967A5C51F9744E10096673A /* LaunchScreen.storyboard in Resources */,
				1967A5C21F9744E10096673A /* Assets.xcassets in Resources */,
				19A7FB881F97847400D5FEAB /* pokemon.csv in Resources */,
				1967A5C01F9744E10096673A /* Main.storyboard in Resources */,
			);
			runOnlyForDeploymentPostprocessing = 0;
		};
/* End PBXResourcesBuildPhase section */

/* Begin PBXShellScriptBuildPhase section */
		2A75F5E9EDA9B35132525324 /* [CP] Copy Pods Resources */ = {
			isa = PBXShellScriptBuildPhase;
			buildActionMask = 2147483647;
			files = (
			);
			inputPaths = (
			);
			name = "[CP] Copy Pods Resources";
			outputPaths = (
			);
			runOnlyForDeploymentPostprocessing = 0;
			shellPath = /bin/sh;
			shellScript = "\"${SRCROOT}/Pods/Target Support Files/Pods-pokedex/Pods-pokedex-resources.sh\"\n";
			showEnvVarsInLog = 0;
		};
		3A5DB7CAF337AE04FEFC3B52 /* [CP] Embed Pods Frameworks */ = {
			isa = PBXShellScriptBuildPhase;
			buildActionMask = 2147483647;
			files = (
			);
			inputPaths = (
			);
			name = "[CP] Embed Pods Frameworks";
			outputPaths = (
			);
			runOnlyForDeploymentPostprocessing = 0;
			shellPath = /bin/sh;
			shellScript = "\"${SRCROOT}/Pods/Target Support Files/Pods-pokedex/Pods-pokedex-frameworks.sh\"\n";
			showEnvVarsInLog = 0;
		};
		A85BFD7E277E475B9332B68E /* [CP] Check Pods Manifest.lock */ = {
			isa = PBXShellScriptBuildPhase;
			buildActionMask = 2147483647;
			files = (
			);
			inputPaths = (
				"${PODS_PODFILE_DIR_PATH}/Podfile.lock",
				"${PODS_ROOT}/Manifest.lock",
			);
			name = "[CP] Check Pods Manifest.lock";
			outputPaths = (
				"$(DERIVED_FILE_DIR)/Pods-pokedex-checkManifestLockResult.txt",
			);
			runOnlyForDeploymentPostprocessing = 0;
			shellPath = /bin/sh;
			shellScript = "diff \"${PODS_PODFILE_DIR_PATH}/Podfile.lock\" \"${PODS_ROOT}/Manifest.lock\" > /dev/null\nif [ $? != 0 ] ; then\n    # print error to STDERR\n    echo \"error: The sandbox is not in sync with the Podfile.lock. Run 'pod install' or update your CocoaPods installation.\" >&2\n    exit 1\nfi\n# This output is used by Xcode 'outputs' to avoid re-running this script phase.\necho \"SUCCESS\" > \"${SCRIPT_OUTPUT_FILE_0}\"\n";
			showEnvVarsInLog = 0;
		};
/* End PBXShellScriptBuildPhase section */

/* Begin PBXSourcesBuildPhase section */
		1967A5B31F9744E10096673A /* Sources */ = {
			isa = PBXSourcesBuildPhase;
			buildActionMask = 2147483647;
			files = (
				19A7FB831F976C0600D5FEAB /* PokeCell.swift in Sources */,
				1967A5BD1F9744E10096673A /* ViewController.swift in Sources */,
				1967A5BB1F9744E10096673A /* AppDelegate.swift in Sources */,
				19A7FB801F974CFB00D5FEAB /* Pokemon.swift in Sources */,
				19A7FB861F977BD400D5FEAB /* csv.swift in Sources */,
			);
			runOnlyForDeploymentPostprocessing = 0;
		};
/* End PBXSourcesBuildPhase section */

/* Begin PBXVariantGroup section */
		1967A5BE1F9744E10096673A /* Main.storyboard */ = {
			isa = PBXVariantGroup;
			children = (
				1967A5BF1F9744E10096673A /* Base */,
			);
			name = Main.storyboard;
			sourceTree = "<group>";
		};
		1967A5C31F9744E10096673A /* LaunchScreen.storyboard */ = {
			isa = PBXVariantGroup;
			children = (
				1967A5C41F9744E10096673A /* Base */,
			);
			name = LaunchScreen.storyboard;
			sourceTree = "<group>";
		};
/* End PBXVariantGroup section */

/* Begin XCBuildConfiguration section */
		1967A5C71F9744E10096673A /* Debug */ = {
			isa = XCBuildConfiguration;
			buildSettings = {
				ALWAYS_SEARCH_USER_PATHS = NO;
				CLANG_ANALYZER_NONNULL = YES;
				CLANG_ANALYZER_NUMBER_OBJECT_CONVERSION = YES_AGGRESSIVE;
				CLANG_CXX_LANGUAGE_STANDARD = "gnu++14";
				CLANG_CXX_LIBRARY = "libc++";
				CLANG_ENABLE_MODULES = YES;
				CLANG_ENABLE_OBJC_ARC = YES;
				CLANG_WARN_BLOCK_CAPTURE_AUTORELEASING = YES;
				CLANG_WARN_BOOL_CONVERSION = YES;
				CLANG_WARN_COMMA = YES;
				CLANG_WARN_CONSTANT_CONVERSION = YES;
				CLANG_WARN_DIRECT_OBJC_ISA_USAGE = YES_ERROR;
				CLANG_WARN_DOCUMENTATION_COMMENTS = YES;
				CLANG_WARN_EMPTY_BODY = YES;
				CLANG_WARN_ENUM_CONVERSION = YES;
				CLANG_WARN_INFINITE_RECURSION = YES;
				CLANG_WARN_INT_CONVERSION = YES;
				CLANG_WARN_NON_LITERAL_NULL_CONVERSION = YES;
				CLANG_WARN_OBJC_LITERAL_CONVERSION = YES;
				CLANG_WARN_OBJC_ROOT_CLASS = YES_ERROR;
				CLANG_WARN_RANGE_LOOP_ANALYSIS = YES;
				CLANG_WARN_STRICT_PROTOTYPES = YES;
				CLANG_WARN_SUSPICIOUS_MOVE = YES;
				CLANG_WARN_UNGUARDED_AVAILABILITY = YES_AGGRESSIVE;
				CLANG_WARN_UNREACHABLE_CODE = YES;
				CLANG_WARN__DUPLICATE_METHOD_MATCH = YES;
				CODE_SIGN_IDENTITY = "iPhone Developer";
				COPY_PHASE_STRIP = NO;
				DEBUG_INFORMATION_FORMAT = dwarf;
				ENABLE_STRICT_OBJC_MSGSEND = YES;
				ENABLE_TESTABILITY = YES;
				GCC_C_LANGUAGE_STANDARD = gnu11;
				GCC_DYNAMIC_NO_PIC = NO;
				GCC_NO_COMMON_BLOCKS = YES;
				GCC_OPTIMIZATION_LEVEL = 0;
				GCC_PREPROCESSOR_DEFINITIONS = (
					"DEBUG=1",
					"$(inherited)",
				);
				GCC_WARN_64_TO_32_BIT_CONVERSION = YES;
				GCC_WARN_ABOUT_RETURN_TYPE = YES_ERROR;
				GCC_WARN_UNDECLARED_SELECTOR = YES;
				GCC_WARN_UNINITIALIZED_AUTOS = YES_AGGRESSIVE;
				GCC_WARN_UNUSED_FUNCTION = YES;
				GCC_WARN_UNUSED_VARIABLE = YES;
				IPHONEOS_DEPLOYMENT_TARGET = 11.0;
				MTL_ENABLE_DEBUG_INFO = YES;
				ONLY_ACTIVE_ARCH = YES;
				SDKROOT = iphoneos;
				SWIFT_ACTIVE_COMPILATION_CONDITIONS = DEBUG;
				SWIFT_OPTIMIZATION_LEVEL = "-Onone";
			};
			name = Debug;
		};
		1967A5C81F9744E10096673A /* Release */ = {
			isa = XCBuildConfiguration;
			buildSettings = {
				ALWAYS_SEARCH_USER_PATHS = NO;
				CLANG_ANALYZER_NONNULL = YES;
				CLANG_ANALYZER_NUMBER_OBJECT_CONVERSION = YES_AGGRESSIVE;
				CLANG_CXX_LANGUAGE_STANDARD = "gnu++14";
				CLANG_CXX_LIBRARY = "libc++";
				CLANG_ENABLE_MODULES = YES;
				CLANG_ENABLE_OBJC_ARC = YES;
				CLANG_WARN_BLOCK_CAPTURE_AUTORELEASING = YES;
				CLANG_WARN_BOOL_CONVERSION = YES;
				CLANG_WARN_COMMA = YES;
				CLANG_WARN_CONSTANT_CONVERSION = YES;
				CLANG_WARN_DIRECT_OBJC_ISA_USAGE = YES_ERROR;
				CLANG_WARN_DOCUMENTATION_COMMENTS = YES;
				CLANG_WARN_EMPTY_BODY = YES;
				CLANG_WARN_ENUM_CONVERSION = YES;
				CLANG_WARN_INFINITE_RECURSION = YES;
				CLANG_WARN_INT_CONVERSION = YES;
				CLANG_WARN_NON_LITERAL_NULL_CONVERSION = YES;
				CLANG_WARN_OBJC_LITERAL_CONVERSION = YES;
				CLANG_WARN_OBJC_ROOT_CLASS = YES_ERROR;
				CLANG_WARN_RANGE_LOOP_ANALYSIS = YES;
				CLANG_WARN_STRICT_PROTOTYPES = YES;
				CLANG_WARN_SUSPICIOUS_MOVE = YES;
				CLANG_WARN_UNGUARDED_AVAILABILITY = YES_AGGRESSIVE;
				CLANG_WARN_UNREACHABLE_CODE = YES;
				CLANG_WARN__DUPLICATE_METHOD_MATCH = YES;
				CODE_SIGN_IDENTITY = "iPhone Developer";
				COPY_PHASE_STRIP = NO;
				DEBUG_INFORMATION_FORMAT = "dwarf-with-dsym";
				ENABLE_NS_ASSERTIONS = NO;
				ENABLE_STRICT_OBJC_MSGSEND = YES;
				GCC_C_LANGUAGE_STANDARD = gnu11;
				GCC_NO_COMMON_BLOCKS = YES;
				GCC_WARN_64_TO_32_BIT_CONVERSION = YES;
				GCC_WARN_ABOUT_RETURN_TYPE = YES_ERROR;
				GCC_WARN_UNDECLARED_SELECTOR = YES;
				GCC_WARN_UNINITIALIZED_AUTOS = YES_AGGRESSIVE;
				GCC_WARN_UNUSED_FUNCTION = YES;
				GCC_WARN_UNUSED_VARIABLE = YES;
				IPHONEOS_DEPLOYMENT_TARGET = 11.0;
				MTL_ENABLE_DEBUG_INFO = NO;
				SDKROOT = iphoneos;
				SWIFT_OPTIMIZATION_LEVEL = "-Owholemodule";
				VALIDATE_PRODUCT = YES;
			};
			name = Release;
		};
		1967A5CA1F9744E10096673A /* Debug */ = {
			isa = XCBuildConfiguration;
			baseConfigurationReference = D65F6634386B2E1AA9442BB1 /* Pods-pokedex.debug.xcconfig */;
			buildSettings = {
				ASSETCATALOG_COMPILER_APPICON_NAME = AppIcon;
				CODE_SIGN_STYLE = Automatic;
				DEVELOPMENT_TEAM = LEE4TD5P6V;
				INFOPLIST_FILE = pokedex/Info.plist;
				IPHONEOS_DEPLOYMENT_TARGET = 9.0;
				LD_RUNPATH_SEARCH_PATHS = "$(inherited) @executable_path/Frameworks";
				PRODUCT_BUNDLE_IDENTIFIER = com.ralak.personal.pokedex;
				PRODUCT_NAME = "$(TARGET_NAME)";
				SWIFT_VERSION = 4.0;
				TARGETED_DEVICE_FAMILY = "1,2";
			};
			name = Debug;
		};
		1967A5CB1F9744E10096673A /* Release */ = {
			isa = XCBuildConfiguration;
			baseConfigurationReference = F5B4E7F5D1552F1107B9CB69 /* Pods-pokedex.release.xcconfig */;
			buildSettings = {
				ASSETCATALOG_COMPILER_APPICON_NAME = AppIcon;
				CODE_SIGN_STYLE = Automatic;
				DEVELOPMENT_TEAM = LEE4TD5P6V;
				INFOPLIST_FILE = pokedex/Info.plist;
				IPHONEOS_DEPLOYMENT_TARGET = 9.0;
				LD_RUNPATH_SEARCH_PATHS = "$(inherited) @executable_path/Frameworks";
				PRODUCT_BUNDLE_IDENTIFIER = com.ralak.personal.pokedex;
				PRODUCT_NAME = "$(TARGET_NAME)";
				SWIFT_VERSION = 4.0;
				TARGETED_DEVICE_FAMILY = "1,2";
			};
			name = Release;
		};
/* End XCBuildConfiguration section */

/* Begin XCConfigurationList section */
		1967A5B21F9744E10096673A /* Build configuration list for PBXProject "pokedex" */ = {
			isa = XCConfigurationList;
			buildConfigurations = (
				1967A5C71F9744E10096673A /* Debug */,
				1967A5C81F9744E10096673A /* Release */,
			);
			defaultConfigurationIsVisible = 0;
			defaultConfigurationName = Release;
		};
		1967A5C91F9744E10096673A /* Build configuration list for PBXNativeTarget "pokedex" */ = {
			isa = XCConfigurationList;
			buildConfigurations = (
				1967A5CA1F9744E10096673A /* Debug */,
				1967A5CB1F9744E10096673A /* Release */,
			);
			defaultConfigurationIsVisible = 0;
			defaultConfigurationName = Release;
		};
/* End XCConfigurationList section */
	};
	rootObject = 1967A5AF1F9744E10096673A /* Project object */;
}
